
Microsoft Visual Studio Solution File, Format Version 12.00
# Visual Studio 15
VisualStudioVersion = 15.0.28307.902
MinimumVisualStudioVersion = 10.0.40219.1
Project("{FAE04EC0-301F-11D3-BF4B-00C04F79EFBC}") = "Console.Form", "Console.Form\Console.Form.csproj", "{EAA1EDE0-2448-4D8D-8381-8407A36D8A0C}"
EndProject
Global
	GlobalSection(SolutionConfigurationPlatforms) = preSolution
		Debug|Any CPU = Debug|Any CPU
		Release|Any CPU = Release|Any CPU
	EndGlobalSection
	GlobalSection(ProjectConfigurationPlatforms) = postSolution
		{EAA1EDE0-2448-4D8D-8381-8407A36D8A0C}.Debug|Any CPU.ActiveCfg = Debug|Any CPU
		{EAA1EDE0-2448-4D8D-8381-8407A36D8A0C}.Debug|Any CPU.Build.0 = Debug|Any CPU
		{EAA1EDE0-2448-4D8D-8381-8407A36D8A0C}.Release|Any CPU.ActiveCfg = Release|Any CPU
		{EAA1EDE0-2448-4D8D-8381-8407A36D8A0C}.Release|Any CPU.Build.0 = Release|Any CPU
	EndGlobalSection
	GlobalSection(SolutionProperties) = preSolution
		HideSolutionNode = FALSE
	EndGlobalSection
	GlobalSection(ExtensibilityGlobals) = postSolution
		SolutionGuid = {F8E88EE1-BDAA-4CC6-AA9D-59D3E0A4E926}
	EndGlobalSection
EndGlobal
