
Microsoft Visual Studio Solution File, Format Version 12.00
# Visual Studio 15
VisualStudioVersion = 15.0.28307.902
MinimumVisualStudioVersion = 10.0.40219.1
Project("{9A19103F-16F7-4668-BE54-9A1E7A4F7556}") = "Console.Core", "Console.Core\Console.Core.csproj", "{407430EF-D01A-4EC9-9EB1-E2C837ECD9BE}"
EndProject
Project("{9A19103F-16F7-4668-BE54-9A1E7A4F7556}") = "Console.EnvironmentVariables", "Console.EnvironmentVariables\Console.EnvironmentVariables.csproj", "{12045B0E-3C0E-4D2D-8B2F-5F5C39A289C1}"
EndProject
Project("{2150E333-8FDC-42A3-9474-1A3956D46DE8}") = "Extensions", "Extensions", "{1A33947B-126B-4B17-A387-5C4711E8C8E3}"
EndProject
Project("{9A19103F-16F7-4668-BE54-9A1E7A4F7556}") = "Console.Networking", "Console.Networking\Console.Networking.csproj", "{3A3D6188-CE8D-4659-B2A6-29289A142761}"
EndProject
Project("{2150E333-8FDC-42A3-9474-1A3956D46DE8}") = "Compatibilty", "Compatibilty", "{2266ED80-FE89-4B40-B609-5DEC97E3AC90}"
EndProject
Project("{9A19103F-16F7-4668-BE54-9A1E7A4F7556}") = "Console.PropEnvCompat", "Console.PropEnvCompat\Console.PropEnvCompat.csproj", "{B7AF4F3A-D9DC-4112-9FA6-31DDB4F6CFA2}"
EndProject
Project("{2150E333-8FDC-42A3-9474-1A3956D46DE8}") = "Testing", "Testing", "{270B8A43-D76B-4B22-AA15-241962D95FFF}"
EndProject
Project("{FAE04EC0-301F-11D3-BF4B-00C04F79EFBC}") = "Console.CLI", "Console.CLI\Console.CLI.csproj", "{113DC864-278F-45DF-BE5E-96A9B8D55EF6}"
EndProject
Project("{9A19103F-16F7-4668-BE54-9A1E7A4F7556}") = "Console.ScriptSystem", "Console.ScriptSystem\Console.ScriptSystem.csproj", "{E5195B8F-09BE-4028-81E8-16DE0456BDCB}"
EndProject
Project("{9A19103F-16F7-4668-BE54-9A1E7A4F7556}") = "Console.IO", "Console.IO\Console.IO.csproj", "{AA91DC74-23FA-4D41-A747-2A9A3C65C22D}"
EndProject
Project("{9A19103F-16F7-4668-BE54-9A1E7A4F7556}") = "Console.PropIOCompat", "Console.PropIOCompat\Console.PropIOCompat.csproj", "{D5162652-D902-4A45-BEDA-AE5D2FD38B44}"
EndProject
Project("{9A19103F-16F7-4668-BE54-9A1E7A4F7556}") = "Console.PersistentProperties", "Console.PersistentProperties\Console.PersistentProperties.csproj", "{E4E1EC58-86AC-428A-BE42-12ED19405C9F}"
EndProject
Project("{FAE04EC0-301F-11D3-BF4B-00C04F79EFBC}") = "Console.ArrayConverter", "Console.ArrayConverter\Console.ArrayConverter.csproj", "{9892F8EE-93ED-4551-99F8-ABF17BC14A04}"
EndProject
Project("{FAE04EC0-301F-11D3-BF4B-00C04F79EFBC}") = "Console.ScriptIOCompat", "Console.ScriptIOCompat\Console.ScriptIOCompat.csproj", "{BA266A81-5CA3-4D47-8356-AAB981205A97}"
EndProject
Global
	GlobalSection(SolutionConfigurationPlatforms) = preSolution
		Debug|Any CPU = Debug|Any CPU
		Release|Any CPU = Release|Any CPU
	EndGlobalSection
	GlobalSection(ProjectConfigurationPlatforms) = postSolution
		{407430EF-D01A-4EC9-9EB1-E2C837ECD9BE}.Debug|Any CPU.ActiveCfg = Debug|Any CPU
		{407430EF-D01A-4EC9-9EB1-E2C837ECD9BE}.Debug|Any CPU.Build.0 = Debug|Any CPU
		{407430EF-D01A-4EC9-9EB1-E2C837ECD9BE}.Release|Any CPU.ActiveCfg = Release|Any CPU
		{407430EF-D01A-4EC9-9EB1-E2C837ECD9BE}.Release|Any CPU.Build.0 = Release|Any CPU
		{12045B0E-3C0E-4D2D-8B2F-5F5C39A289C1}.Debug|Any CPU.ActiveCfg = Debug|Any CPU
		{12045B0E-3C0E-4D2D-8B2F-5F5C39A289C1}.Debug|Any CPU.Build.0 = Debug|Any CPU
		{12045B0E-3C0E-4D2D-8B2F-5F5C39A289C1}.Release|Any CPU.ActiveCfg = Release|Any CPU
		{12045B0E-3C0E-4D2D-8B2F-5F5C39A289C1}.Release|Any CPU.Build.0 = Release|Any CPU
		{3A3D6188-CE8D-4659-B2A6-29289A142761}.Debug|Any CPU.ActiveCfg = Debug|Any CPU
		{3A3D6188-CE8D-4659-B2A6-29289A142761}.Debug|Any CPU.Build.0 = Debug|Any CPU
		{3A3D6188-CE8D-4659-B2A6-29289A142761}.Release|Any CPU.ActiveCfg = Release|Any CPU
		{3A3D6188-CE8D-4659-B2A6-29289A142761}.Release|Any CPU.Build.0 = Release|Any CPU
		{B7AF4F3A-D9DC-4112-9FA6-31DDB4F6CFA2}.Debug|Any CPU.ActiveCfg = Debug|Any CPU
		{B7AF4F3A-D9DC-4112-9FA6-31DDB4F6CFA2}.Debug|Any CPU.Build.0 = Debug|Any CPU
		{B7AF4F3A-D9DC-4112-9FA6-31DDB4F6CFA2}.Release|Any CPU.ActiveCfg = Release|Any CPU
		{B7AF4F3A-D9DC-4112-9FA6-31DDB4F6CFA2}.Release|Any CPU.Build.0 = Release|Any CPU
		{113DC864-278F-45DF-BE5E-96A9B8D55EF6}.Debug|Any CPU.ActiveCfg = Debug|Any CPU
		{113DC864-278F-45DF-BE5E-96A9B8D55EF6}.Debug|Any CPU.Build.0 = Debug|Any CPU
		{113DC864-278F-45DF-BE5E-96A9B8D55EF6}.Release|Any CPU.ActiveCfg = Release|Any CPU
		{113DC864-278F-45DF-BE5E-96A9B8D55EF6}.Release|Any CPU.Build.0 = Release|Any CPU
		{E5195B8F-09BE-4028-81E8-16DE0456BDCB}.Debug|Any CPU.ActiveCfg = Debug|Any CPU
		{E5195B8F-09BE-4028-81E8-16DE0456BDCB}.Debug|Any CPU.Build.0 = Debug|Any CPU
		{E5195B8F-09BE-4028-81E8-16DE0456BDCB}.Release|Any CPU.ActiveCfg = Release|Any CPU
		{E5195B8F-09BE-4028-81E8-16DE0456BDCB}.Release|Any CPU.Build.0 = Release|Any CPU
		{AA91DC74-23FA-4D41-A747-2A9A3C65C22D}.Debug|Any CPU.ActiveCfg = Debug|Any CPU
		{AA91DC74-23FA-4D41-A747-2A9A3C65C22D}.Debug|Any CPU.Build.0 = Debug|Any CPU
		{AA91DC74-23FA-4D41-A747-2A9A3C65C22D}.Release|Any CPU.ActiveCfg = Release|Any CPU
		{AA91DC74-23FA-4D41-A747-2A9A3C65C22D}.Release|Any CPU.Build.0 = Release|Any CPU
		{D5162652-D902-4A45-BEDA-AE5D2FD38B44}.Debug|Any CPU.ActiveCfg = Debug|Any CPU
		{D5162652-D902-4A45-BEDA-AE5D2FD38B44}.Debug|Any CPU.Build.0 = Debug|Any CPU
		{D5162652-D902-4A45-BEDA-AE5D2FD38B44}.Release|Any CPU.ActiveCfg = Release|Any CPU
		{D5162652-D902-4A45-BEDA-AE5D2FD38B44}.Release|Any CPU.Build.0 = Release|Any CPU
		{E4E1EC58-86AC-428A-BE42-12ED19405C9F}.Debug|Any CPU.ActiveCfg = Debug|Any CPU
		{E4E1EC58-86AC-428A-BE42-12ED19405C9F}.Debug|Any CPU.Build.0 = Debug|Any CPU
		{E4E1EC58-86AC-428A-BE42-12ED19405C9F}.Release|Any CPU.ActiveCfg = Release|Any CPU
		{E4E1EC58-86AC-428A-BE42-12ED19405C9F}.Release|Any CPU.Build.0 = Release|Any CPU
		{9892F8EE-93ED-4551-99F8-ABF17BC14A04}.Debug|Any CPU.ActiveCfg = Debug|Any CPU
		{9892F8EE-93ED-4551-99F8-ABF17BC14A04}.Debug|Any CPU.Build.0 = Debug|Any CPU
		{9892F8EE-93ED-4551-99F8-ABF17BC14A04}.Release|Any CPU.ActiveCfg = Release|Any CPU
		{9892F8EE-93ED-4551-99F8-ABF17BC14A04}.Release|Any CPU.Build.0 = Release|Any CPU
		{BA266A81-5CA3-4D47-8356-AAB981205A97}.Debug|Any CPU.ActiveCfg = Debug|Any CPU
		{BA266A81-5CA3-4D47-8356-AAB981205A97}.Debug|Any CPU.Build.0 = Debug|Any CPU
		{BA266A81-5CA3-4D47-8356-AAB981205A97}.Release|Any CPU.ActiveCfg = Release|Any CPU
		{BA266A81-5CA3-4D47-8356-AAB981205A97}.Release|Any CPU.Build.0 = Release|Any CPU
	EndGlobalSection
	GlobalSection(SolutionProperties) = preSolution
		HideSolutionNode = FALSE
	EndGlobalSection
	GlobalSection(NestedProjects) = preSolution
		{12045B0E-3C0E-4D2D-8B2F-5F5C39A289C1} = {1A33947B-126B-4B17-A387-5C4711E8C8E3}
		{3A3D6188-CE8D-4659-B2A6-29289A142761} = {1A33947B-126B-4B17-A387-5C4711E8C8E3}
		{B7AF4F3A-D9DC-4112-9FA6-31DDB4F6CFA2} = {2266ED80-FE89-4B40-B609-5DEC97E3AC90}
		{113DC864-278F-45DF-BE5E-96A9B8D55EF6} = {270B8A43-D76B-4B22-AA15-241962D95FFF}
		{E5195B8F-09BE-4028-81E8-16DE0456BDCB} = {1A33947B-126B-4B17-A387-5C4711E8C8E3}
		{AA91DC74-23FA-4D41-A747-2A9A3C65C22D} = {1A33947B-126B-4B17-A387-5C4711E8C8E3}
		{D5162652-D902-4A45-BEDA-AE5D2FD38B44} = {2266ED80-FE89-4B40-B609-5DEC97E3AC90}
		{E4E1EC58-86AC-428A-BE42-12ED19405C9F} = {1A33947B-126B-4B17-A387-5C4711E8C8E3}
		{9892F8EE-93ED-4551-99F8-ABF17BC14A04} = {1A33947B-126B-4B17-A387-5C4711E8C8E3}
		{BA266A81-5CA3-4D47-8356-AAB981205A97} = {2266ED80-FE89-4B40-B609-5DEC97E3AC90}
	EndGlobalSection
	GlobalSection(ExtensibilityGlobals) = postSolution
		SolutionGuid = {337C24C7-7CAE-43D0-B962-DE4B2CB4CEAB}
	EndGlobalSection
EndGlobal
